
Microsoft Visual Studio Solution File, Format Version 12.00
# Visual Studio Version 16
VisualStudioVersion = 16.0.31320.298
MinimumVisualStudioVersion = 10.0.40219.1
Project("{9A19103F-16F7-4668-BE54-9A1E7A4F7556}") = "DistributedShop.Identity", "src\DistributedShop.Identity\DistributedShop.Identity.csproj", "{32C22682-E9E2-41D9-8D4C-2F9C6DBF65D9}"
EndProject
Project("{9A19103F-16F7-4668-BE54-9A1E7A4F7556}") = "DistributedShop.Common", "src\DistributedShop.Common\DistributedShop.Common.csproj", "{3F06430B-F094-4582-A274-A4CA234F45F8}"
EndProject
Project("{9A19103F-16F7-4668-BE54-9A1E7A4F7556}") = "DistributedShop.Products", "src\DistributedShop.Products\DistributedShop.Products.csproj", "{4A5D242A-0234-45DE-B86A-8A1415340589}"
EndProject
Project("{FAE04EC0-301F-11D3-BF4B-00C04F79EFBC}") = "DistributedShop.Discounts", "src\DistributedShop.Discounts\DistributedShop.Discounts.csproj", "{CA695BA6-93B2-4C50-9957-6EB4872FB1F8}"
EndProject
Global
	GlobalSection(SolutionConfigurationPlatforms) = preSolution
		Debug|Any CPU = Debug|Any CPU
		Release|Any CPU = Release|Any CPU
	EndGlobalSection
	GlobalSection(ProjectConfigurationPlatforms) = postSolution
		{32C22682-E9E2-41D9-8D4C-2F9C6DBF65D9}.Debug|Any CPU.ActiveCfg = Debug|Any CPU
		{32C22682-E9E2-41D9-8D4C-2F9C6DBF65D9}.Debug|Any CPU.Build.0 = Debug|Any CPU
		{32C22682-E9E2-41D9-8D4C-2F9C6DBF65D9}.Release|Any CPU.ActiveCfg = Release|Any CPU
		{32C22682-E9E2-41D9-8D4C-2F9C6DBF65D9}.Release|Any CPU.Build.0 = Release|Any CPU
		{3F06430B-F094-4582-A274-A4CA234F45F8}.Debug|Any CPU.ActiveCfg = Debug|Any CPU
		{3F06430B-F094-4582-A274-A4CA234F45F8}.Debug|Any CPU.Build.0 = Debug|Any CPU
		{3F06430B-F094-4582-A274-A4CA234F45F8}.Release|Any CPU.ActiveCfg = Release|Any CPU
		{3F06430B-F094-4582-A274-A4CA234F45F8}.Release|Any CPU.Build.0 = Release|Any CPU
		{4A5D242A-0234-45DE-B86A-8A1415340589}.Debug|Any CPU.ActiveCfg = Debug|Any CPU
		{4A5D242A-0234-45DE-B86A-8A1415340589}.Debug|Any CPU.Build.0 = Debug|Any CPU
		{4A5D242A-0234-45DE-B86A-8A1415340589}.Release|Any CPU.ActiveCfg = Release|Any CPU
		{4A5D242A-0234-45DE-B86A-8A1415340589}.Release|Any CPU.Build.0 = Release|Any CPU
		{CA695BA6-93B2-4C50-9957-6EB4872FB1F8}.Debug|Any CPU.ActiveCfg = Debug|Any CPU
		{CA695BA6-93B2-4C50-9957-6EB4872FB1F8}.Debug|Any CPU.Build.0 = Debug|Any CPU
		{CA695BA6-93B2-4C50-9957-6EB4872FB1F8}.Release|Any CPU.ActiveCfg = Release|Any CPU
		{CA695BA6-93B2-4C50-9957-6EB4872FB1F8}.Release|Any CPU.Build.0 = Release|Any CPU
	EndGlobalSection
	GlobalSection(SolutionProperties) = preSolution
		HideSolutionNode = FALSE
	EndGlobalSection
	GlobalSection(ExtensibilityGlobals) = postSolution
		SolutionGuid = {456ABBAD-35D5-413F-B23F-94A5552C39AF}
	EndGlobalSection
EndGlobal
